
Microsoft Visual Studio Solution File, Format Version 12.00
# Visual Studio 2012
Project("{FAE04EC0-301F-11D3-BF4B-00C04F79EFBC}") = "HibernateBookstore", "HibernateBookstore\HibernateBookstore.csproj", "{46D3845F-12AB-4EC4-94C7-7E23A68421AD}"
EndProject
Global
	GlobalSection(SolutionConfigurationPlatforms) = preSolution
		Debug|Any CPU = Debug|Any CPU
		Release|Any CPU = Release|Any CPU
	EndGlobalSection
	GlobalSection(ProjectConfigurationPlatforms) = postSolution
		{46D3845F-12AB-4EC4-94C7-7E23A68421AD}.Debug|Any CPU.ActiveCfg = Debug|Any CPU
		{46D3845F-12AB-4EC4-94C7-7E23A68421AD}.Debug|Any CPU.Build.0 = Debug|Any CPU
		{46D3845F-12AB-4EC4-94C7-7E23A68421AD}.Release|Any CPU.ActiveCfg = Release|Any CPU
		{46D3845F-12AB-4EC4-94C7-7E23A68421AD}.Release|Any CPU.Build.0 = Release|Any CPU
	EndGlobalSection
	GlobalSection(SolutionProperties) = preSolution
		HideSolutionNode = FALSE
	EndGlobalSection
EndGlobal
